
Microsoft Visual Studio Solution File, Format Version 12.00
# Visual Studio Version 16
VisualStudioVersion = 16.0.32228.343
MinimumVisualStudioVersion = 10.0.40219.1
Project("{FAE04EC0-301F-11D3-BF4B-00C04F79EFBC}") = "Week13.Lists", "Week13.Lists\Week13.Lists.csproj", "{1E045886-542D-4125-A881-27E9AD3F1A59}"
EndProject
Project("{FAE04EC0-301F-11D3-BF4B-00C04F79EFBC}") = "ListsAndFiles", "ListsAndFiles\ListsAndFiles.csproj", "{B6EDE961-8B8D-4199-930E-371E336927D0}"
EndProject
Global
	GlobalSection(SolutionConfigurationPlatforms) = preSolution
		Debug|Any CPU = Debug|Any CPU
		Release|Any CPU = Release|Any CPU
	EndGlobalSection
	GlobalSection(ProjectConfigurationPlatforms) = postSolution
		{1E045886-542D-4125-A881-27E9AD3F1A59}.Debug|Any CPU.ActiveCfg = Debug|Any CPU
		{1E045886-542D-4125-A881-27E9AD3F1A59}.Debug|Any CPU.Build.0 = Debug|Any CPU
		{1E045886-542D-4125-A881-27E9AD3F1A59}.Release|Any CPU.ActiveCfg = Release|Any CPU
		{1E045886-542D-4125-A881-27E9AD3F1A59}.Release|Any CPU.Build.0 = Release|Any CPU
		{B6EDE961-8B8D-4199-930E-371E336927D0}.Debug|Any CPU.ActiveCfg = Debug|Any CPU
		{B6EDE961-8B8D-4199-930E-371E336927D0}.Debug|Any CPU.Build.0 = Debug|Any CPU
		{B6EDE961-8B8D-4199-930E-371E336927D0}.Release|Any CPU.ActiveCfg = Release|Any CPU
		{B6EDE961-8B8D-4199-930E-371E336927D0}.Release|Any CPU.Build.0 = Release|Any CPU
	EndGlobalSection
	GlobalSection(SolutionProperties) = preSolution
		HideSolutionNode = FALSE
	EndGlobalSection
	GlobalSection(ExtensibilityGlobals) = postSolution
		SolutionGuid = {2B0FD267-8878-46DA-8EA2-1D2E95019325}
	EndGlobalSection
EndGlobal
